Microsoft Visual Studio Solution File, Format Version 12.00
# Visual Studio Version 16
VisualStudioVersion = 16.0.29806.167
MinimumVisualStudioVersion = 15.0.26124.0
Project("{2150E333-8FDC-42A3-9474-1A3956D46DE8}") = "src", "src", "{66BD53F8-E30E-45CE-AEC4-E607980F5B14}"
EndProject
Project("{6EC3EE1D-3C4E-46DD-8F32-0CC8E7565705}") = "Chiron", "src\Chiron\Chiron.fsproj", "{9A3D39E9-CF75-4337-AE52-52EE425099D6}"
EndProject
Project("{2150E333-8FDC-42A3-9474-1A3956D46DE8}") = "tests", "tests", "{595E6795-9985-405C-96FB-8FB25B2F1AB7}"
EndProject
Project("{6EC3EE1D-3C4E-46DD-8F32-0CC8E7565705}") = "Chiron.Tests", "tests\Chiron.Tests\Chiron.Tests.fsproj", "{B935E8AA-F368-4366-A684-67156BA02490}"
EndProject
Project("{2150E333-8FDC-42A3-9474-1A3956D46DE8}") = "benchmarks", "benchmarks", "{CEB8E44A-607C-4B39-ABE0-2B3EEF45CC73}"
EndProject
Project("{9A19103F-16F7-4668-BE54-9A1E7A4F7556}") = "Chiron.Benchmarks", "benchmarks\Chiron.Benchmarks\Chiron.Benchmarks.fsproj", "{593652CE-C70E-42EE-AE06-6BBD85D086B7}"
EndProject
Global
	GlobalSection(SolutionConfigurationPlatforms) = preSolution
		Debug|Any CPU = Debug|Any CPU
		Debug|x64 = Debug|x64
		Debug|x86 = Debug|x86
		Release|Any CPU = Release|Any CPU
		Release|x64 = Release|x64
		Release|x86 = Release|x86
	EndGlobalSection
	GlobalSection(ProjectConfigurationPlatforms) = postSolution
		{9A3D39E9-CF75-4337-AE52-52EE425099D6}.Debug|Any CPU.ActiveCfg = Debug|Any CPU
		{9A3D39E9-CF75-4337-AE52-52EE425099D6}.Debug|Any CPU.Build.0 = Debug|Any CPU
		{9A3D39E9-CF75-4337-AE52-52EE425099D6}.Debug|x64.ActiveCfg = Debug|Any CPU
		{9A3D39E9-CF75-4337-AE52-52EE425099D6}.Debug|x64.Build.0 = Debug|Any CPU
		{9A3D39E9-CF75-4337-AE52-52EE425099D6}.Debug|x86.ActiveCfg = Debug|Any CPU
		{9A3D39E9-CF75-4337-AE52-52EE425099D6}.Debug|x86.Build.0 = Debug|Any CPU
		{9A3D39E9-CF75-4337-AE52-52EE425099D6}.Release|Any CPU.ActiveCfg = Release|Any CPU
		{9A3D39E9-CF75-4337-AE52-52EE425099D6}.Release|Any CPU.Build.0 = Release|Any CPU
		{9A3D39E9-CF75-4337-AE52-52EE425099D6}.Release|x64.ActiveCfg = Release|Any CPU
		{9A3D39E9-CF75-4337-AE52-52EE425099D6}.Release|x64.Build.0 = Release|Any CPU
		{9A3D39E9-CF75-4337-AE52-52EE425099D6}.Release|x86.ActiveCfg = Release|Any CPU
		{9A3D39E9-CF75-4337-AE52-52EE425099D6}.Release|x86.Build.0 = Release|Any CPU
		{B935E8AA-F368-4366-A684-67156BA02490}.Debug|Any CPU.ActiveCfg = Debug|Any CPU
		{B935E8AA-F368-4366-A684-67156BA02490}.Debug|Any CPU.Build.0 = Debug|Any CPU
		{B935E8AA-F368-4366-A684-67156BA02490}.Debug|x64.ActiveCfg = Debug|Any CPU
		{B935E8AA-F368-4366-A684-67156BA02490}.Debug|x64.Build.0 = Debug|Any CPU
		{B935E8AA-F368-4366-A684-67156BA02490}.Debug|x86.ActiveCfg = Debug|Any CPU
		{B935E8AA-F368-4366-A684-67156BA02490}.Debug|x86.Build.0 = Debug|Any CPU
		{B935E8AA-F368-4366-A684-67156BA02490}.Release|Any CPU.ActiveCfg = Release|Any CPU
		{B935E8AA-F368-4366-A684-67156BA02490}.Release|Any CPU.Build.0 = Release|Any CPU
		{B935E8AA-F368-4366-A684-67156BA02490}.Release|x64.ActiveCfg = Release|Any CPU
		{B935E8AA-F368-4366-A684-67156BA02490}.Release|x64.Build.0 = Release|Any CPU
		{B935E8AA-F368-4366-A684-67156BA02490}.Release|x86.ActiveCfg = Release|Any CPU
		{B935E8AA-F368-4366-A684-67156BA02490}.Release|x86.Build.0 = Release|Any CPU
		{593652CE-C70E-42EE-AE06-6BBD85D086B7}.Debug|Any CPU.ActiveCfg = Debug|Any CPU
		{593652CE-C70E-42EE-AE06-6BBD85D086B7}.Debug|Any CPU.Build.0 = Debug|Any CPU
		{593652CE-C70E-42EE-AE06-6BBD85D086B7}.Debug|x64.ActiveCfg = Debug|Any CPU
		{593652CE-C70E-42EE-AE06-6BBD85D086B7}.Debug|x64.Build.0 = Debug|Any CPU
		{593652CE-C70E-42EE-AE06-6BBD85D086B7}.Debug|x86.ActiveCfg = Debug|Any CPU
		{593652CE-C70E-42EE-AE06-6BBD85D086B7}.Debug|x86.Build.0 = Debug|Any CPU
		{593652CE-C70E-42EE-AE06-6BBD85D086B7}.Release|Any CPU.ActiveCfg = Release|Any CPU
		{593652CE-C70E-42EE-AE06-6BBD85D086B7}.Release|Any CPU.Build.0 = Release|Any CPU
		{593652CE-C70E-42EE-AE06-6BBD85D086B7}.Release|x64.ActiveCfg = Release|Any CPU
		{593652CE-C70E-42EE-AE06-6BBD85D086B7}.Release|x64.Build.0 = Release|Any CPU
		{593652CE-C70E-42EE-AE06-6BBD85D086B7}.Release|x86.ActiveCfg = Release|Any CPU
		{593652CE-C70E-42EE-AE06-6BBD85D086B7}.Release|x86.Build.0 = Release|Any CPU
	EndGlobalSection
	GlobalSection(SolutionProperties) = preSolution
		HideSolutionNode = FALSE
	EndGlobalSection
	GlobalSection(NestedProjects) = preSolution
		{9A3D39E9-CF75-4337-AE52-52EE425099D6} = {66BD53F8-E30E-45CE-AEC4-E607980F5B14}
		{B935E8AA-F368-4366-A684-67156BA02490} = {595E6795-9985-405C-96FB-8FB25B2F1AB7}
		{593652CE-C70E-42EE-AE06-6BBD85D086B7} = {CEB8E44A-607C-4B39-ABE0-2B3EEF45CC73}
	EndGlobalSection
	GlobalSection(ExtensibilityGlobals) = postSolution
		SolutionGuid = {522137DF-0B3E-4C6D-9A77-18597CA82CA8}
	EndGlobalSection
EndGlobal
